
Microsoft Visual Studio Solution File, Format Version 12.00
# Visual Studio 15
VisualStudioVersion = 15.0.28307.757
MinimumVisualStudioVersion = 10.0.40219.1
Project("{8BC9CEB8-8B4A-11D0-8D11-00A0C91BC942}") = "5.35", "5.35\5.35.vcxproj", "{187F46A3-02AE-4562-A731-20AF875873DF}"
EndProject
Global
	GlobalSection(SolutionConfigurationPlatforms) = preSolution
		Debug|x64 = Debug|x64
		Debug|x86 = Debug|x86
		Release|x64 = Release|x64
		Release|x86 = Release|x86
	EndGlobalSection
	GlobalSection(ProjectConfigurationPlatforms) = postSolution
		{187F46A3-02AE-4562-A731-20AF875873DF}.Debug|x64.ActiveCfg = Debug|x64
		{187F46A3-02AE-4562-A731-20AF875873DF}.Debug|x64.Build.0 = Debug|x64
		{187F46A3-02AE-4562-A731-20AF875873DF}.Debug|x86.ActiveCfg = Debug|Win32
		{187F46A3-02AE-4562-A731-20AF875873DF}.Debug|x86.Build.0 = Debug|Win32
		{187F46A3-02AE-4562-A731-20AF875873DF}.Release|x64.ActiveCfg = Release|x64
		{187F46A3-02AE-4562-A731-20AF875873DF}.Release|x64.Build.0 = Release|x64
		{187F46A3-02AE-4562-A731-20AF875873DF}.Release|x86.ActiveCfg = Release|Win32
		{187F46A3-02AE-4562-A731-20AF875873DF}.Release|x86.Build.0 = Release|Win32
	EndGlobalSection
	GlobalSection(SolutionProperties) = preSolution
		HideSolutionNode = FALSE
	EndGlobalSection
	GlobalSection(ExtensibilityGlobals) = postSolution
		SolutionGuid = {82D7403E-D271-4969-93E7-1EA631ED6630}
	EndGlobalSection
EndGlobal
